
Microsoft Visual Studio Solution File, Format Version 12.00
# Visual Studio Version 17
VisualStudioVersion = 17.10.35013.160
MinimumVisualStudioVersion = 10.0.40219.1
Project("{FAE04EC0-301F-11D3-BF4B-00C04F79EFBC}") = "5MDatePicker1", "5MDatePicker1\5MDatePicker1.csproj", "{ABEF6268-9CA8-4C75-A145-7FB5EA990280}"
EndProject
Global
	GlobalSection(SolutionConfigurationPlatforms) = preSolution
		Debug|Any CPU = Debug|Any CPU
		Release|Any CPU = Release|Any CPU
	EndGlobalSection
	GlobalSection(ProjectConfigurationPlatforms) = postSolution
		{ABEF6268-9CA8-4C75-A145-7FB5EA990280}.Debug|Any CPU.ActiveCfg = Debug|Any CPU
		{ABEF6268-9CA8-4C75-A145-7FB5EA990280}.Debug|Any CPU.Build.0 = Debug|Any CPU
		{ABEF6268-9CA8-4C75-A145-7FB5EA990280}.Debug|Any CPU.Deploy.0 = Debug|Any CPU
		{ABEF6268-9CA8-4C75-A145-7FB5EA990280}.Release|Any CPU.ActiveCfg = Release|Any CPU
		{ABEF6268-9CA8-4C75-A145-7FB5EA990280}.Release|Any CPU.Build.0 = Release|Any CPU
		{ABEF6268-9CA8-4C75-A145-7FB5EA990280}.Release|Any CPU.Deploy.0 = Release|Any CPU
	EndGlobalSection
	GlobalSection(SolutionProperties) = preSolution
		HideSolutionNode = FALSE
	EndGlobalSection
	GlobalSection(ExtensibilityGlobals) = postSolution
		SolutionGuid = {D6F2F76F-D9F0-46F4-AB8E-A949463D3A5C}
	EndGlobalSection
EndGlobal
